
Microsoft Visual Studio Solution File, Format Version 12.00
# Visual Studio Version 17
VisualStudioVersion = 17.9.34607.119
MinimumVisualStudioVersion = 10.0.40219.1
Project("{8BC9CEB8-8B4A-11D0-8D11-00A0C91BC942}") = "Infinite_maze.cpp", "Infinite_maze.cpp\Infinite_maze.cpp.vcxproj", "{5A4465D9-97DB-460E-85AD-A8A81A17F534}"
EndProject
Global
	GlobalSection(SolutionConfigurationPlatforms) = preSolution
		Debug|x64 = Debug|x64
		Debug|x86 = Debug|x86
		Release|x64 = Release|x64
		Release|x86 = Release|x86
	EndGlobalSection
	GlobalSection(ProjectConfigurationPlatforms) = postSolution
		{5A4465D9-97DB-460E-85AD-A8A81A17F534}.Debug|x64.ActiveCfg = Debug|x64
		{5A4465D9-97DB-460E-85AD-A8A81A17F534}.Debug|x64.Build.0 = Debug|x64
		{5A4465D9-97DB-460E-85AD-A8A81A17F534}.Debug|x86.ActiveCfg = Debug|Win32
		{5A4465D9-97DB-460E-85AD-A8A81A17F534}.Debug|x86.Build.0 = Debug|Win32
		{5A4465D9-97DB-460E-85AD-A8A81A17F534}.Release|x64.ActiveCfg = Release|x64
		{5A4465D9-97DB-460E-85AD-A8A81A17F534}.Release|x64.Build.0 = Release|x64
		{5A4465D9-97DB-460E-85AD-A8A81A17F534}.Release|x86.ActiveCfg = Release|Win32
		{5A4465D9-97DB-460E-85AD-A8A81A17F534}.Release|x86.Build.0 = Release|Win32
	EndGlobalSection
	GlobalSection(SolutionProperties) = preSolution
		HideSolutionNode = FALSE
	EndGlobalSection
	GlobalSection(ExtensibilityGlobals) = postSolution
		SolutionGuid = {BA931DB5-8B8A-4333-AC20-F75479490BD6}
	EndGlobalSection
EndGlobal
